
Microsoft Visual Studio Solution File, Format Version 12.00
# Visual Studio Version 17
VisualStudioVersion = 17.0.31919.166
MinimumVisualStudioVersion = 10.0.40219.1
Project("{2150E333-8FDC-42A3-9474-1A3956D46DE8}") = "ShopManagement", "ShopManagement", "{2D7EF05C-AAB8-4931-A297-473F478D253F}"
EndProject
Project("{2150E333-8FDC-42A3-9474-1A3956D46DE8}") = "SM.Domain", "SM.Domain", "{7D64D471-700F-4594-AD6B-2B49A244FB26}"
EndProject
Project("{9A19103F-16F7-4668-BE54-9A1E7A4F7556}") = "ShopManagement.Domain", "ShopManagement.Domain\ShopManagement.Domain.csproj", "{FEABD887-46ED-497E-8109-4BA42059EF3C}"
EndProject
Project("{9A19103F-16F7-4668-BE54-9A1E7A4F7556}") = "0_Framework", "0_Framework\0_Framework.csproj", "{9FBC4739-4454-4BF1-8131-C4FDBAFF8366}"
EndProject
Project("{2150E333-8FDC-42A3-9474-1A3956D46DE8}") = "SM.Application", "SM.Application", "{786C76C1-BB33-48F8-98C8-97BD86C210DD}"
EndProject
Project("{9A19103F-16F7-4668-BE54-9A1E7A4F7556}") = "ShopManagement.Application.Contracts", "ShopManagement.Application.Contracts\ShopManagement.Application.Contracts.csproj", "{060A13F2-C072-45B4-9D96-A62166B42FF6}"
EndProject
Project("{9A19103F-16F7-4668-BE54-9A1E7A4F7556}") = "ShopManagement.Application", "ShopManagement.Application\ShopManagement.Application.csproj", "{868C6882-6135-4965-91A3-C1AD7323D96C}"
EndProject
Project("{2150E333-8FDC-42A3-9474-1A3956D46DE8}") = "SM.Infrastructure", "SM.Infrastructure", "{7FBBA108-CC02-4200-A510-44BFCA11D722}"
EndProject
Project("{9A19103F-16F7-4668-BE54-9A1E7A4F7556}") = "ShopManagement.Infrastructure.EFCore", "ShopManagement.Infrastructure.EFCore\ShopManagement.Infrastructure.EFCore.csproj", "{B2E5893E-57DF-4F5E-84DD-1BACB91180DF}"
EndProject
Project("{9A19103F-16F7-4668-BE54-9A1E7A4F7556}") = "ShopManagement.Configuration", "ShopManagement.Configuration\ShopManagement.Configuration.csproj", "{4CDAE3E5-F046-4E41-ABFB-A6798617CD92}"
EndProject
Project("{9A19103F-16F7-4668-BE54-9A1E7A4F7556}") = "ServiceHost", "ServiceHost\ServiceHost.csproj", "{314B506B-4E43-4A7E-B642-4FF401674123}"
EndProject
Project("{9A19103F-16F7-4668-BE54-9A1E7A4F7556}") = "01_LampshadeQuery", "01_LampshadeQuery\01_LampshadeQuery.csproj", "{636E6BD2-DEDF-4D15-B31A-825D89B1F24B}"
EndProject
Project("{2150E333-8FDC-42A3-9474-1A3956D46DE8}") = "DiscountManagement", "DiscountManagement", "{EE9862A2-9C95-476C-8BF5-EF3C9C03B9BC}"
EndProject
Project("{2150E333-8FDC-42A3-9474-1A3956D46DE8}") = "DM.Domain", "DM.Domain", "{26C87458-0ABA-42A3-97B4-4412A8554EA3}"
EndProject
Project("{9A19103F-16F7-4668-BE54-9A1E7A4F7556}") = "DiscountManagement.Domain", "DiscountManagement.Domain\DiscountManagement.Domain.csproj", "{7FF6CF39-E3D0-4461-8537-9D7954F407E1}"
EndProject
Project("{2150E333-8FDC-42A3-9474-1A3956D46DE8}") = "DM.Application", "DM.Application", "{C2591846-0D2D-48FB-8443-76596EFE2138}"
EndProject
Project("{9A19103F-16F7-4668-BE54-9A1E7A4F7556}") = "DiscountManagement.Application.Contract", "DiscountManagement.Application.Contract\DiscountManagement.Application.Contract.csproj", "{0869308E-25CA-4DE2-906F-C1567E8FC129}"
EndProject
Project("{9A19103F-16F7-4668-BE54-9A1E7A4F7556}") = "DiscountManagement.Application", "DiscountManagement.Application\DiscountManagement.Application.csproj", "{A8F3E8D2-569D-442F-80B6-870B9CE8EED8}"
EndProject
Project("{2150E333-8FDC-42A3-9474-1A3956D46DE8}") = "DM.Infrastructure", "DM.Infrastructure", "{461D0EF4-9268-41E4-9DB7-2F6C58D65C23}"
EndProject
Project("{9A19103F-16F7-4668-BE54-9A1E7A4F7556}") = "DiscountManagement.Infrastructure.EFCore", "DiscountManagement.Infrastructure.EFCore\DiscountManagement.Infrastructure.EFCore.csproj", "{1157C7D8-91B6-4250-90FC-A176D3CF53F1}"
EndProject
Project("{9A19103F-16F7-4668-BE54-9A1E7A4F7556}") = "DiscountManagement.Configuration", "DiscountManagement.Configuration\DiscountManagement.Configuration.csproj", "{2838BDF3-9792-45B6-8B8D-D9F4B52680C7}"
EndProject
Project("{2150E333-8FDC-42A3-9474-1A3956D46DE8}") = "InventoryManagement", "InventoryManagement", "{080F3B7F-53CD-4C00-82B9-A96AEBF6BC4A}"
EndProject
Project("{2150E333-8FDC-42A3-9474-1A3956D46DE8}") = "IM.Domain", "IM.Domain", "{59C743B6-5605-46F5-9B4E-3E3356F82F8B}"
EndProject
Project("{9A19103F-16F7-4668-BE54-9A1E7A4F7556}") = "InventoryManagement.Domain", "InventoryManagement.Domain\InventoryManagement.Domain.csproj", "{BBD782BF-E048-4CBB-AB5F-5F79326FB3CA}"
EndProject
Project("{2150E333-8FDC-42A3-9474-1A3956D46DE8}") = "IM.Application", "IM.Application", "{07671ECE-5363-4C2A-B279-19FE4F6800AD}"
EndProject
Project("{9A19103F-16F7-4668-BE54-9A1E7A4F7556}") = "InventoryManagement.Application.Contract", "InventoryManagement.Application.Contract\InventoryManagement.Application.Contract.csproj", "{257ECA68-7A0B-4730-9702-A7FB3CC63CDA}"
EndProject
Project("{2150E333-8FDC-42A3-9474-1A3956D46DE8}") = "IM.Infrastructure", "IM.Infrastructure", "{9FC526F1-6750-4FE0-95BB-29898AA7DF7A}"
EndProject
Project("{9A19103F-16F7-4668-BE54-9A1E7A4F7556}") = "InventoryManagement.Infrastructure.EFCore", "InventoryManagement.Infrastructure.EFCore\InventoryManagement.Infrastructure.EFCore.csproj", "{6C449934-D5EA-447D-823A-A512E8486599}"
EndProject
Project("{9A19103F-16F7-4668-BE54-9A1E7A4F7556}") = "InventoryManagement.Infrastructure.Configuration", "InventoryManagement.Infrastructure.Configuration\InventoryManagement.Infrastructure.Configuration.csproj", "{89CDD9BF-26D3-454E-9FDD-53BD9BE6F4BF}"
EndProject
Project("{9A19103F-16F7-4668-BE54-9A1E7A4F7556}") = "InventoryManagement.Application", "InventoryManagement.Application\InventoryManagement.Application.csproj", "{C2E7EBBC-28CE-4C4E-A367-33828E59BFE1}"
EndProject
Global
	GlobalSection(SolutionConfigurationPlatforms) = preSolution
		Debug|Any CPU = Debug|Any CPU
		Release|Any CPU = Release|Any CPU
	EndGlobalSection
	GlobalSection(ProjectConfigurationPlatforms) = postSolution
		{FEABD887-46ED-497E-8109-4BA42059EF3C}.Debug|Any CPU.ActiveCfg = Debug|Any CPU
		{FEABD887-46ED-497E-8109-4BA42059EF3C}.Debug|Any CPU.Build.0 = Debug|Any CPU
		{FEABD887-46ED-497E-8109-4BA42059EF3C}.Release|Any CPU.ActiveCfg = Release|Any CPU
		{FEABD887-46ED-497E-8109-4BA42059EF3C}.Release|Any CPU.Build.0 = Release|Any CPU
		{9FBC4739-4454-4BF1-8131-C4FDBAFF8366}.Debug|Any CPU.ActiveCfg = Debug|Any CPU
		{9FBC4739-4454-4BF1-8131-C4FDBAFF8366}.Debug|Any CPU.Build.0 = Debug|Any CPU
		{9FBC4739-4454-4BF1-8131-C4FDBAFF8366}.Release|Any CPU.ActiveCfg = Release|Any CPU
		{9FBC4739-4454-4BF1-8131-C4FDBAFF8366}.Release|Any CPU.Build.0 = Release|Any CPU
		{060A13F2-C072-45B4-9D96-A62166B42FF6}.Debug|Any CPU.ActiveCfg = Debug|Any CPU
		{060A13F2-C072-45B4-9D96-A62166B42FF6}.Debug|Any CPU.Build.0 = Debug|Any CPU
		{060A13F2-C072-45B4-9D96-A62166B42FF6}.Release|Any CPU.ActiveCfg = Release|Any CPU
		{060A13F2-C072-45B4-9D96-A62166B42FF6}.Release|Any CPU.Build.0 = Release|Any CPU
		{868C6882-6135-4965-91A3-C1AD7323D96C}.Debug|Any CPU.ActiveCfg = Debug|Any CPU
		{868C6882-6135-4965-91A3-C1AD7323D96C}.Debug|Any CPU.Build.0 = Debug|Any CPU
		{868C6882-6135-4965-91A3-C1AD7323D96C}.Release|Any CPU.ActiveCfg = Release|Any CPU
		{868C6882-6135-4965-91A3-C1AD7323D96C}.Release|Any CPU.Build.0 = Release|Any CPU
		{B2E5893E-57DF-4F5E-84DD-1BACB91180DF}.Debug|Any CPU.ActiveCfg = Debug|Any CPU
		{B2E5893E-57DF-4F5E-84DD-1BACB91180DF}.Debug|Any CPU.Build.0 = Debug|Any CPU
		{B2E5893E-57DF-4F5E-84DD-1BACB91180DF}.Release|Any CPU.ActiveCfg = Release|Any CPU
		{B2E5893E-57DF-4F5E-84DD-1BACB91180DF}.Release|Any CPU.Build.0 = Release|Any CPU
		{4CDAE3E5-F046-4E41-ABFB-A6798617CD92}.Debug|Any CPU.ActiveCfg = Debug|Any CPU
		{4CDAE3E5-F046-4E41-ABFB-A6798617CD92}.Debug|Any CPU.Build.0 = Debug|Any CPU
		{4CDAE3E5-F046-4E41-ABFB-A6798617CD92}.Release|Any CPU.ActiveCfg = Release|Any CPU
		{4CDAE3E5-F046-4E41-ABFB-A6798617CD92}.Release|Any CPU.Build.0 = Release|Any CPU
		{314B506B-4E43-4A7E-B642-4FF401674123}.Debug|Any CPU.ActiveCfg = Debug|Any CPU
		{314B506B-4E43-4A7E-B642-4FF401674123}.Debug|Any CPU.Build.0 = Debug|Any CPU
		{314B506B-4E43-4A7E-B642-4FF401674123}.Release|Any CPU.ActiveCfg = Release|Any CPU
		{314B506B-4E43-4A7E-B642-4FF401674123}.Release|Any CPU.Build.0 = Release|Any CPU
		{636E6BD2-DEDF-4D15-B31A-825D89B1F24B}.Debug|Any CPU.ActiveCfg = Debug|Any CPU
		{636E6BD2-DEDF-4D15-B31A-825D89B1F24B}.Debug|Any CPU.Build.0 = Debug|Any CPU
		{636E6BD2-DEDF-4D15-B31A-825D89B1F24B}.Release|Any CPU.ActiveCfg = Release|Any CPU
		{636E6BD2-DEDF-4D15-B31A-825D89B1F24B}.Release|Any CPU.Build.0 = Release|Any CPU
		{7FF6CF39-E3D0-4461-8537-9D7954F407E1}.Debug|Any CPU.ActiveCfg = Debug|Any CPU
		{7FF6CF39-E3D0-4461-8537-9D7954F407E1}.Debug|Any CPU.Build.0 = Debug|Any CPU
		{7FF6CF39-E3D0-4461-8537-9D7954F407E1}.Release|Any CPU.ActiveCfg = Release|Any CPU
		{7FF6CF39-E3D0-4461-8537-9D7954F407E1}.Release|Any CPU.Build.0 = Release|Any CPU
		{0869308E-25CA-4DE2-906F-C1567E8FC129}.Debug|Any CPU.ActiveCfg = Debug|Any CPU
		{0869308E-25CA-4DE2-906F-C1567E8FC129}.Debug|Any CPU.Build.0 = Debug|Any CPU
		{0869308E-25CA-4DE2-906F-C1567E8FC129}.Release|Any CPU.ActiveCfg = Release|Any CPU
		{0869308E-25CA-4DE2-906F-C1567E8FC129}.Release|Any CPU.Build.0 = Release|Any CPU
		{A8F3E8D2-569D-442F-80B6-870B9CE8EED8}.Debug|Any CPU.ActiveCfg = Debug|Any CPU
		{A8F3E8D2-569D-442F-80B6-870B9CE8EED8}.Debug|Any CPU.Build.0 = Debug|Any CPU
		{A8F3E8D2-569D-442F-80B6-870B9CE8EED8}.Release|Any CPU.ActiveCfg = Release|Any CPU
		{A8F3E8D2-569D-442F-80B6-870B9CE8EED8}.Release|Any CPU.Build.0 = Release|Any CPU
		{1157C7D8-91B6-4250-90FC-A176D3CF53F1}.Debug|Any CPU.ActiveCfg = Debug|Any CPU
		{1157C7D8-91B6-4250-90FC-A176D3CF53F1}.Debug|Any CPU.Build.0 = Debug|Any CPU
		{1157C7D8-91B6-4250-90FC-A176D3CF53F1}.Release|Any CPU.ActiveCfg = Release|Any CPU
		{1157C7D8-91B6-4250-90FC-A176D3CF53F1}.Release|Any CPU.Build.0 = Release|Any CPU
		{2838BDF3-9792-45B6-8B8D-D9F4B52680C7}.Debug|Any CPU.ActiveCfg = Debug|Any CPU
		{2838BDF3-9792-45B6-8B8D-D9F4B52680C7}.Debug|Any CPU.Build.0 = Debug|Any CPU
		{2838BDF3-9792-45B6-8B8D-D9F4B52680C7}.Release|Any CPU.ActiveCfg = Release|Any CPU
		{2838BDF3-9792-45B6-8B8D-D9F4B52680C7}.Release|Any CPU.Build.0 = Release|Any CPU
		{BBD782BF-E048-4CBB-AB5F-5F79326FB3CA}.Debug|Any CPU.ActiveCfg = Debug|Any CPU
		{BBD782BF-E048-4CBB-AB5F-5F79326FB3CA}.Debug|Any CPU.Build.0 = Debug|Any CPU
		{BBD782BF-E048-4CBB-AB5F-5F79326FB3CA}.Release|Any CPU.ActiveCfg = Release|Any CPU
		{BBD782BF-E048-4CBB-AB5F-5F79326FB3CA}.Release|Any CPU.Build.0 = Release|Any CPU
		{257ECA68-7A0B-4730-9702-A7FB3CC63CDA}.Debug|Any CPU.ActiveCfg = Debug|Any CPU
		{257ECA68-7A0B-4730-9702-A7FB3CC63CDA}.Debug|Any CPU.Build.0 = Debug|Any CPU
		{257ECA68-7A0B-4730-9702-A7FB3CC63CDA}.Release|Any CPU.ActiveCfg = Release|Any CPU
		{257ECA68-7A0B-4730-9702-A7FB3CC63CDA}.Release|Any CPU.Build.0 = Release|Any CPU
		{6C449934-D5EA-447D-823A-A512E8486599}.Debug|Any CPU.ActiveCfg = Debug|Any CPU
		{6C449934-D5EA-447D-823A-A512E8486599}.Debug|Any CPU.Build.0 = Debug|Any CPU
		{6C449934-D5EA-447D-823A-A512E8486599}.Release|Any CPU.ActiveCfg = Release|Any CPU
		{6C449934-D5EA-447D-823A-A512E8486599}.Release|Any CPU.Build.0 = Release|Any CPU
		{89CDD9BF-26D3-454E-9FDD-53BD9BE6F4BF}.Debug|Any CPU.ActiveCfg = Debug|Any CPU
		{89CDD9BF-26D3-454E-9FDD-53BD9BE6F4BF}.Debug|Any CPU.Build.0 = Debug|Any CPU
		{89CDD9BF-26D3-454E-9FDD-53BD9BE6F4BF}.Release|Any CPU.ActiveCfg = Release|Any CPU
		{89CDD9BF-26D3-454E-9FDD-53BD9BE6F4BF}.Release|Any CPU.Build.0 = Release|Any CPU
		{C2E7EBBC-28CE-4C4E-A367-33828E59BFE1}.Debug|Any CPU.ActiveCfg = Debug|Any CPU
		{C2E7EBBC-28CE-4C4E-A367-33828E59BFE1}.Debug|Any CPU.Build.0 = Debug|Any CPU
		{C2E7EBBC-28CE-4C4E-A367-33828E59BFE1}.Release|Any CPU.ActiveCfg = Release|Any CPU
		{C2E7EBBC-28CE-4C4E-A367-33828E59BFE1}.Release|Any CPU.Build.0 = Release|Any CPU
	EndGlobalSection
	GlobalSection(SolutionProperties) = preSolution
		HideSolutionNode = FALSE
	EndGlobalSection
	GlobalSection(NestedProjects) = preSolution
		{7D64D471-700F-4594-AD6B-2B49A244FB26} = {2D7EF05C-AAB8-4931-A297-473F478D253F}
		{FEABD887-46ED-497E-8109-4BA42059EF3C} = {7D64D471-700F-4594-AD6B-2B49A244FB26}
		{786C76C1-BB33-48F8-98C8-97BD86C210DD} = {2D7EF05C-AAB8-4931-A297-473F478D253F}
		{060A13F2-C072-45B4-9D96-A62166B42FF6} = {786C76C1-BB33-48F8-98C8-97BD86C210DD}
		{868C6882-6135-4965-91A3-C1AD7323D96C} = {786C76C1-BB33-48F8-98C8-97BD86C210DD}
		{7FBBA108-CC02-4200-A510-44BFCA11D722} = {2D7EF05C-AAB8-4931-A297-473F478D253F}
		{B2E5893E-57DF-4F5E-84DD-1BACB91180DF} = {7FBBA108-CC02-4200-A510-44BFCA11D722}
		{4CDAE3E5-F046-4E41-ABFB-A6798617CD92} = {7FBBA108-CC02-4200-A510-44BFCA11D722}
		{26C87458-0ABA-42A3-97B4-4412A8554EA3} = {EE9862A2-9C95-476C-8BF5-EF3C9C03B9BC}
		{7FF6CF39-E3D0-4461-8537-9D7954F407E1} = {26C87458-0ABA-42A3-97B4-4412A8554EA3}
		{C2591846-0D2D-48FB-8443-76596EFE2138} = {EE9862A2-9C95-476C-8BF5-EF3C9C03B9BC}
		{0869308E-25CA-4DE2-906F-C1567E8FC129} = {C2591846-0D2D-48FB-8443-76596EFE2138}
		{A8F3E8D2-569D-442F-80B6-870B9CE8EED8} = {C2591846-0D2D-48FB-8443-76596EFE2138}
		{461D0EF4-9268-41E4-9DB7-2F6C58D65C23} = {EE9862A2-9C95-476C-8BF5-EF3C9C03B9BC}
		{1157C7D8-91B6-4250-90FC-A176D3CF53F1} = {461D0EF4-9268-41E4-9DB7-2F6C58D65C23}
		{2838BDF3-9792-45B6-8B8D-D9F4B52680C7} = {461D0EF4-9268-41E4-9DB7-2F6C58D65C23}
		{59C743B6-5605-46F5-9B4E-3E3356F82F8B} = {080F3B7F-53CD-4C00-82B9-A96AEBF6BC4A}
		{BBD782BF-E048-4CBB-AB5F-5F79326FB3CA} = {59C743B6-5605-46F5-9B4E-3E3356F82F8B}
		{07671ECE-5363-4C2A-B279-19FE4F6800AD} = {080F3B7F-53CD-4C00-82B9-A96AEBF6BC4A}
		{257ECA68-7A0B-4730-9702-A7FB3CC63CDA} = {07671ECE-5363-4C2A-B279-19FE4F6800AD}
		{9FC526F1-6750-4FE0-95BB-29898AA7DF7A} = {080F3B7F-53CD-4C00-82B9-A96AEBF6BC4A}
		{6C449934-D5EA-447D-823A-A512E8486599} = {9FC526F1-6750-4FE0-95BB-29898AA7DF7A}
		{89CDD9BF-26D3-454E-9FDD-53BD9BE6F4BF} = {9FC526F1-6750-4FE0-95BB-29898AA7DF7A}
		{C2E7EBBC-28CE-4C4E-A367-33828E59BFE1} = {07671ECE-5363-4C2A-B279-19FE4F6800AD}
	EndGlobalSection
	GlobalSection(ExtensibilityGlobals) = postSolution
		SolutionGuid = {48C2FE77-1148-42E3-9BE9-059FF49E824E}
	EndGlobalSection
EndGlobal
